
Microsoft Visual Studio Solution File, Format Version 12.00
# Visual Studio Version 17
VisualStudioVersion = 17.10.35122.118
MinimumVisualStudioVersion = 10.0.40219.1
Project("{FAE04EC0-301F-11D3-BF4B-00C04F79EFBC}") = "ChatMigration", "ChatMigration.csproj", "{78962EF4-A331-41F9-8120-8D1F889C264D}"
EndProject
Global
	GlobalSection(SolutionConfigurationPlatforms) = preSolution
		Debug|Any CPU = Debug|Any CPU
		Release|Any CPU = Release|Any CPU
	EndGlobalSection
	GlobalSection(ProjectConfigurationPlatforms) = postSolution
		{78962EF4-A331-41F9-8120-8D1F889C264D}.Debug|Any CPU.ActiveCfg = Debug|Any CPU
		{78962EF4-A331-41F9-8120-8D1F889C264D}.Debug|Any CPU.Build.0 = Debug|Any CPU
		{78962EF4-A331-41F9-8120-8D1F889C264D}.Release|Any CPU.ActiveCfg = Release|Any CPU
		{78962EF4-A331-41F9-8120-8D1F889C264D}.Release|Any CPU.Build.0 = Release|Any CPU
	EndGlobalSection
	GlobalSection(SolutionProperties) = preSolution
		HideSolutionNode = FALSE
	EndGlobalSection
	GlobalSection(ExtensibilityGlobals) = postSolution
		SolutionGuid = {5B609AC9-B092-4D2D-B993-E3367EE09CC8}
	EndGlobalSection
EndGlobal
